# Code generated by scarb DO NOT EDIT.
version = 1

[[package]]
name = "alexandria_math"
version = "0.2.1"
source = "git+https://github.com/keep-starknet-strange/alexandria#396c7a613d6428b41ebba7d120abaea573c7e9a2"

[[package]]
name = "contract"
version = "0.1.0"
dependencies = [
 "alexandria_math",
 "snforge_std",
]

[[package]]
name = "snforge_scarb_plugin"
version = "0.38.2"
source = "registry+https://scarbs.xyz/"
checksum = "sha256:bcb10cd60c75ed2906cc1de0fa4d479cad7458b7e195f77079f2fceb060881ab"

[[package]]
name = "snforge_std"
version = "0.38.2"
source = "registry+https://scarbs.xyz/"
checksum = "sha256:201743354c10f9d4dac72a55baf68c27b4a0727c22b31f5ba422a65076627010"
dependencies = [
 "snforge_scarb_plugin",
]
